# This file is automatically @generated by Poetry 1.8.4 and should not be changed by hand.

[[package]]
name = "ifaddr"
version = "0.2.0"
description = "Cross-platform network interface and IP address enumeration library"
optional = false
python-versions = "*"
files = [
    {file = "ifaddr-0.2.0-py3-none-any.whl", hash = "sha256:085e0305cfe6f16ab12d72e2024030f5d52674afad6911bb1eee207177b8a748"},
    {file = "ifaddr-0.2.0.tar.gz", hash = "sha256:cc0cbfcaabf765d44595825fb96a99bb12c79716b73b44330ea38ee2b0c4aed4"},
]

[[package]]
name = "zeroconf"
version = "0.147.0"
description = "A pure python implementation of multicast DNS service discovery"
optional = false
python-versions = "<4.0,>=3.9"
files = [
    {file = "zeroconf-0.147.0-cp310-cp310-macosx_10_9_x86_64.whl", hash = "sha256:de0e1439c90df08fbb59d07445904aa9cb0ed3c548bb2f89a8a7bb3fa50071cd"},
    {file = "zeroconf-0.147.0-cp310-cp310-macosx_11_0_arm64.whl", hash = "sha256:a2b8776e5e3ba7f19578a6baffa231f148390156a231eb17924c30e192ec9b00"},
    {file = "zeroconf-0.147.0-cp310-cp310-manylinux_2_17_aarch64.manylinux2014_aarch64.whl", hash = "sha256:7a80cf348e8a1c597a427b500cf5327adf1a1402b010c84ba78b39ea7d3d7598"},
    {file = "zeroconf-0.147.0-cp310-cp310-manylinux_2_17_i686.manylinux_2_5_i686.manylinux1_i686.manylinux2014_i686.whl", hash = "sha256:8014da8e9d1efa04df8091c60bc8e23a25d6374b2f99f2ba515ca8d7d6d9b271"},
    {file = "zeroconf-0.147.0-cp310-cp310-manylinux_2_17_x86_64.manylinux2014_x86_64.whl", hash = "sha256:9a6c359af0ff3ac50812c9bdbeb006279bb4c401d721f1f22651522f73237295"},
    {file = "zeroconf-0.147.0-cp310-cp310-manylinux_2_31_armv7l.manylinux_2_17_armv7l.manylinux2014_armv7l.whl", hash = "sha256:8d6e3d598bff4c07b61e7be89a56aa75ef3e2e2a6622881b76a0d06ef527fc39"},
    {file = "zeroconf-0.147.0-cp310-cp310-musllinux_1_2_aarch64.whl", hash = "sha256:ecb83e1b27eb8a9f14bc5458b4f87594d24d5f206dbaefae93021a702a311905"},
    {file = "zeroconf-0.147.0-cp310-cp310-musllinux_1_2_armv7l.whl", hash = "sha256:f8cb0b47eb18f2340505f5106adc2dc698a131785c6e0e6ca56f9f5c09ef6469"},
    {file = "zeroconf-0.147.0-cp310-cp310-musllinux_1_2_i686.whl", hash = "sha256:7204d4d41ef95021acc3ff7a7d3266558ea2032a167a3591c4fb570cc64b522c"},
    {file = "zeroconf-0.147.0-cp310-cp310-musllinux_1_2_x86_64.whl", hash = "sha256:a37e54a991e9e7203650f7884a44097616bed9c050f19db50316abda409ab208"},
    {file = "zeroconf-0.147.0-cp310-cp310-win32.whl", hash = "sha256:df1dfdf49fcff8bacc7d490eeafeb3d74aea5588f78a459b76994b7acf3fe513"},
    {file = "zeroconf-0.147.0-cp310-cp310-win_amd64.whl", hash = "sha256:1f0d3c119e77ec960d03ad5b92e651e5cc8c49d5521cbd58a561f8db709c79cc"},
    {file = "zeroconf-0.147.0-cp311-cp311-macosx_10_9_x86_64.whl", hash = "sha256:2f36096616f89f3aec678613316014e3a35e293c3c2e26466695d91688c49a34"},
    {file = "zeroconf-0.147.0-cp311-cp311-macosx_11_0_arm64.whl", hash = "sha256:abb3f45ce14fdbcf70d2cb711714553e20e704cc2d86988125936d853f01c132"},
    {file = "zeroconf-0.147.0-cp311-cp311-manylinux_2_17_aarch64.manylinux2014_aarch64.whl", hash = "sha256:6f511b32c1693f5f76acea9ce7add629ed62071f001929d818bea09aaa2c2969"},
    {file = "zeroconf-0.147.0-cp311-cp311-manylinux_2_17_i686.manylinux_2_5_i686.manylinux1_i686.manylinux2014_i686.whl", hash = "sha256:6269129298004531b0b809a32bfe82865e8641f7940647c33a0b9c9e36012187"},
    {file = "zeroconf-0.147.0-cp311-cp311-manylinux_2_17_x86_64.manylinux2014_x86_64.whl", hash = "sha256:ed2b6369a50e4a27667a6c80011ff276d63d205f8ccf5771f9fceddb0c9ce6b4"},
    {file = "zeroconf-0.147.0-cp311-cp311-manylinux_2_31_armv7l.manylinux_2_17_armv7l.manylinux2014_armv7l.whl", hash = "sha256:02205731db993193034b0f5cc5108e2cf2c580e445ff401be05ea80aeb762c7c"},
    {file = "zeroconf-0.147.0-cp311-cp311-musllinux_1_2_aarch64.whl", hash = "sha256:5bd0984a2f457d399e414622941cce30bb52bd9bcbfc0594a266ed724a030469"},
    {file = "zeroconf-0.147.0-cp311-cp311-musllinux_1_2_armv7l.whl", hash = "sha256:e4a1ccbbbeb3c5e1867f38aee18647245069ca01572f6e9188d549f294f2ac77"},
    {file = "zeroconf-0.147.0-cp311-cp311-musllinux_1_2_i686.whl", hash = "sha256:9f2b7f930407403f9813525537a78613510d9c394a11328cafb8bb46f060d89e"},
    {file = "zeroconf-0.147.0-cp311-cp311-musllinux_1_2_x86_64.whl", hash = "sha256:f7b6ee515a76bb983b26590eda099d57fede043f3b753427ff9dc4e1c7405395"},
    {file = "zeroconf-0.147.0-cp311-cp311-win32.whl", hash = "sha256:3dec7640d85362d70a2e4c89e34e0c865f41c00073378597afdac0a2e146b061"},
    {file = "zeroconf-0.147.0-cp311-cp311-win_amd64.whl", hash = "sha256:5c8962eb8c829fd22bbda2ec23443e6e14e6f44adf2a823da0f074a941d8b8e7"},
    {file = "zeroconf-0.147.0-cp312-cp312-macosx_10_13_x86_64.whl", hash = "sha256:89542174ec4f1e86ba428cab19a33c77378dcac0ee37577df8859af849cf736e"},
    {file = "zeroconf-0.147.0-cp312-cp312-macosx_11_0_arm64.whl", hash = "sha256:0086b8c280fc3410fa887a0da68cc6dc5a7d1da8a57157f6c7e4acb029674ce9"},
    {file = "zeroconf-0.147.0-cp312-cp312-manylinux_2_17_aarch64.manylinux2014_aarch64.whl", hash = "sha256:04018f48c38fa174af8e2c6cd00e6fb8a9a7269a187ba1f52cf32c14f2ddd941"},
    {file = "zeroconf-0.147.0-cp312-cp312-manylinux_2_17_i686.manylinux_2_5_i686.manylinux1_i686.manylinux2014_i686.whl", hash = "sha256:71a5690ad94a8b5809bb3888e3c30de943458b9fb751730fa9a60e580d1b47ca"},
    {file = "zeroconf-0.147.0-cp312-cp312-manylinux_2_17_x86_64.manylinux2014_x86_64.whl", hash = "sha256:34b5f1f472eadd090232af6b52c16c417359d9541e7bb31afbde3a0e33e55594"},
    {file = "zeroconf-0.147.0-cp312-cp312-manylinux_2_31_armv7l.manylinux_2_17_armv7l.manylinux2014_armv7l.whl", hash = "sha256:213b9ebdb5876d7b30515e2850d250625ac1a5c54b022a0fb407ea25af39251f"},
    {file = "zeroconf-0.147.0-cp312-cp312-musllinux_1_2_aarch64.whl", hash = "sha256:10e75e41160f376b7b43a242ffeee5803878fd31d30991eb60cd1d0949373d51"},
    {file = "zeroconf-0.147.0-cp312-cp312-musllinux_1_2_armv7l.whl", hash = "sha256:d7b488d1a74bac55080a9cadb6b8690f0aefa89ae8130485557bc53ba866d445"},
    {file = "zeroconf-0.147.0-cp312-cp312-musllinux_1_2_i686.whl", hash = "sha256:a3f6d9c6c226a7fd6669584dfcb8160a60b8711f00229a8d7347451447b220e2"},
    {file = "zeroconf-0.147.0-cp312-cp312-musllinux_1_2_x86_64.whl", hash = "sha256:137d83815347e0ede605f9d7a0d5253f95d62a9872f291a123679c4a01e016bb"},
    {file = "zeroconf-0.147.0-cp312-cp312-win32.whl", hash = "sha256:1ae71afd284f07d9a46acf69674efef283c039f5e326250c29578e0605f7dac6"},
    {file = "zeroconf-0.147.0-cp312-cp312-win_amd64.whl", hash = "sha256:e66b2044a626f20bc4ddab92de662b4f4bce8e4f1e85672d88186c9e776505a1"},
    {file = "zeroconf-0.147.0-cp313-cp313-macosx_10_13_x86_64.whl", hash = "sha256:1deedbedea7402754b3a1a05a2a1c881443451ccd600b2a7f979e97dd9fcbe6d"},
    {file = "zeroconf-0.147.0-cp313-cp313-macosx_11_0_arm64.whl", hash = "sha256:5c57d551e65a2a9b6333b685e3b074601f6e85762e4b4a490c663f1f2e215b24"},
    {file = "zeroconf-0.147.0-cp313-cp313-manylinux_2_17_aarch64.manylinux2014_aarch64.whl", hash = "sha256:095bdb0cd369355ff919e3be930991b38557baaa8292d82f4a4a8567a3944f05"},
    {file = "zeroconf-0.147.0-cp313-cp313-manylinux_2_17_i686.manylinux_2_5_i686.manylinux1_i686.manylinux2014_i686.whl", hash = "sha256:8ae0fe0bb947b3a128af586c76a16b5a7d027daa65e67637b042c745f9b136c4"},
    {file = "zeroconf-0.147.0-cp313-cp313-manylinux_2_17_x86_64.manylinux2014_x86_64.whl", hash = "sha256:6cbeea4d8d0c4f6eb5a82099d53f5729b628685039a44c1a84422080f8ec5b0d"},
    {file = "zeroconf-0.147.0-cp313-cp313-manylinux_2_31_armv7l.manylinux_2_17_armv7l.manylinux2014_armv7l.whl", hash = "sha256:728f82417800c5c5dd3298f65cf7a8fef1707123b457d3832dbdf17d38f68840"},
    {file = "zeroconf-0.147.0-cp313-cp313-manylinux_2_36_x86_64.whl", hash = "sha256:a2dc9ae96cd49b50d651a78204aafe9f41e907122dc98e719be5376b4dddec6f"},
    {file = "zeroconf-0.147.0-cp313-cp313-musllinux_1_2_aarch64.whl", hash = "sha256:e9570ab3203cc4bd3ad023737ef4339558cdf1f33a5d45d76ed3fe77e5fa5f57"},
    {file = "zeroconf-0.147.0-cp313-cp313-musllinux_1_2_armv7l.whl", hash = "sha256:fd783d9bac258e79d07e2bd164c1962b8f248579392b5078fd607e7bb6760b53"},
    {file = "zeroconf-0.147.0-cp313-cp313-musllinux_1_2_i686.whl", hash = "sha256:b4acc76063cc379774db407dce0263616518bb5135057eb5eeafc447b3c05a81"},
    {file = "zeroconf-0.147.0-cp313-cp313-musllinux_1_2_x86_64.whl", hash = "sha256:acc5334cb6cb98db3917bf9a3d6b6b7fdd205f8a74fd6f4b885abb4f61098857"},
    {file = "zeroconf-0.147.0-cp313-cp313-win32.whl", hash = "sha256:7c52c523aa756e67bf18d46db298a5964291f7d868b4a970163432e7d745b992"},
    {file = "zeroconf-0.147.0-cp313-cp313-win_amd64.whl", hash = "sha256:60f623af0e45fba69f5fe80d7b300c913afe7928fb43f4b9757f0f76f80f0d82"},
    {file = "zeroconf-0.147.0-cp39-cp39-macosx_10_9_x86_64.whl", hash = "sha256:a5b570c0697144876bf54ff9d87dc46f5f7c8b2709702b7182b99b363e37e301"},
    {file = "zeroconf-0.147.0-cp39-cp39-macosx_11_0_arm64.whl", hash = "sha256:12a24145231b26d1e6d7ded60984f8f32e2b17fe4f9a824be26b7622b875bc12"},
    {file = "zeroconf-0.147.0-cp39-cp39-manylinux_2_17_aarch64.manylinux2014_aarch64.whl", hash = "sha256:cf73a1a202a02f2e4810eb582f054104bff1a29a550ce0819c5fc6dfafe50f94"},
    {file = "zeroconf-0.147.0-cp39-cp39-manylinux_2_17_i686.manylinux_2_5_i686.manylinux1_i686.manylinux2014_i686.whl", hash = "sha256:aa55888411404cc7ff1c6822ace733680172a02931eb20561afda94d06342c4f"},
    {file = "zeroconf-0.147.0-cp39-cp39-manylinux_2_17_x86_64.manylinux2014_x86_64.whl", hash = "sha256:5291a5f26d961cfc0cd22905187a0627d07913e566783191f97a5a49dec9fc32"},
    {file = "zeroconf-0.147.0-cp39-cp39-manylinux_2_31_armv7l.manylinux_2_17_armv7l.manylinux2014_armv7l.whl", hash = "sha256:930b434ee3471430f3938f129979926a13c5ee1802ad6fb51383314f7193d33d"},
    {file = "zeroconf-0.147.0-cp39-cp39-musllinux_1_2_aarch64.whl", hash = "sha256:4add353da94e067fd3a4fdb47e9be64bd451bc7bc2234d74775514bde5d8096c"},
    {file = "zeroconf-0.147.0-cp39-cp39-musllinux_1_2_armv7l.whl", hash = "sha256:8c0a1c69ef9ff5aab6acdf33b892a45d5ca2f96af11fd53891a43ec816ab6c25"},
    {file = "zeroconf-0.147.0-cp39-cp39-musllinux_1_2_i686.whl", hash = "sha256:743fff2187da3d9501606555b1cf27699c24c36b9f1a6f02c168033034c5c22e"},
    {file = "zeroconf-0.147.0-cp39-cp39-musllinux_1_2_x86_64.whl", hash = "sha256:9a629b63f8f80a32121c4832264c23fbc6cec4e15200d4fd8e715257c06d84b1"},
    {file = "zeroconf-0.147.0-cp39-cp39-win32.whl", hash = "sha256:600b2a2453e7877b45c55d0c011e24f9eb7b75d71eee8a302e9b8b55e878b62b"},
    {file = "zeroconf-0.147.0-cp39-cp39-win_amd64.whl", hash = "sha256:34d40e09a7e4aff294ce086a63c5133c4d683b0165054af07c15035af1718829"},
    {file = "zeroconf-0.147.0-pp310-pypy310_pp73-macosx_10_15_x86_64.whl", hash = "sha256:8a2ceada07a6e89d7000e19826598a2fe013192e7a752637c1232cbc6041f434"},
    {file = "zeroconf-0.147.0-pp310-pypy310_pp73-macosx_11_0_arm64.whl", hash = "sha256:60b548b8b58f4f7435f96e4a8bed0ffedc6023ebd9e30872d3e71e3f5d8bd8e3"},
    {file = "zeroconf-0.147.0-pp310-pypy310_pp73-manylinux_2_17_aarch64.manylinux2014_aarch64.whl", hash = "sha256:b7edafeb07c88398d6c2f01ce6810c566199d5d50c9da7ac93e9f0da1d34b7c8"},
    {file = "zeroconf-0.147.0-pp310-pypy310_pp73-manylinux_2_17_i686.manylinux_2_5_i686.manylinux1_i686.manylinux2014_i686.whl", hash = "sha256:b39f83ff516ad764bda67ad242ef85481d1653d85bd4bc98cc62070bb086789c"},
    {file = "zeroconf-0.147.0-pp310-pypy310_pp73-manylinux_2_17_x86_64.manylinux2014_x86_64.whl", hash = "sha256:abe4c6da969c64419e30ca83368475d97ae57421edb2ec86e5c2baa8f659bad5"},
    {file = "zeroconf-0.147.0-pp310-pypy310_pp73-win_amd64.whl", hash = "sha256:8ec79d8693874f0dda108be48f56bdd343ddb9a469d629a796f853ba0865f07e"},
    {file = "zeroconf-0.147.0-pp311-pypy311_pp73-macosx_10_15_x86_64.whl", hash = "sha256:b89c62ea0220235da8b353958ea8340d62ed820dca34be0ff08146674a93168b"},
    {file = "zeroconf-0.147.0-pp311-pypy311_pp73-macosx_11_0_arm64.whl", hash = "sha256:f4fd6848de32756ec34531ea9b3cf1988c9115b7d8363687d3ffaa2cdba244d4"},
    {file = "zeroconf-0.147.0-pp311-pypy311_pp73-manylinux_2_17_aarch64.manylinux2014_aarch64.whl", hash = "sha256:c0f51b5e363c137291a56688898fe284c5f99f52b7f8a1528ebe9d81e8daeecf"},
    {file = "zeroconf-0.147.0-pp311-pypy311_pp73-manylinux_2_17_i686.manylinux_2_5_i686.manylinux1_i686.manylinux2014_i686.whl", hash = "sha256:de84c8e09a49009ff44fb1146bfd2380545cde2a9f5ebfa7038afc578b187b2a"},
    {file = "zeroconf-0.147.0-pp311-pypy311_pp73-manylinux_2_17_x86_64.manylinux2014_x86_64.whl", hash = "sha256:81ea55950ace20a93ce1ef684b111498cb212e06cc190a311a572d42a49809fc"},
    {file = "zeroconf-0.147.0-pp311-pypy311_pp73-win_amd64.whl", hash = "sha256:f0e1e1abe27ab81bbaaac2e4d94f9e817e64128ab03ba5909462d1f4cc560bc5"},
    {file = "zeroconf-0.147.0-pp39-pypy39_pp73-macosx_10_15_x86_64.whl", hash = "sha256:6883f1b39ef1fea628e1ad027c4e5ed5058582d1453ea0f8dee5f7afd421b228"},
    {file = "zeroconf-0.147.0-pp39-pypy39_pp73-macosx_11_0_arm64.whl", hash = "sha256:f0c1157a7500145224b2606ca1efe393afa9879133acf40b1b428dfa5503581a"},
    {file = "zeroconf-0.147.0-pp39-pypy39_pp73-manylinux_2_17_aarch64.manylinux2014_aarch64.whl", hash = "sha256:4f815a2202a4fdc66bd6cf81e4cd55657fb903b5f748455f6b9ca1702fb7d559"},
    {file = "zeroconf-0.147.0-pp39-pypy39_pp73-manylinux_2_17_i686.manylinux_2_5_i686.manylinux1_i686.manylinux2014_i686.whl", hash = "sha256:5f139fcf33fa166779b959185c46feae5c82dc86b09a8ee77484d1bd4155a87f"},
    {file = "zeroconf-0.147.0-pp39-pypy39_pp73-manylinux_2_17_x86_64.manylinux2014_x86_64.whl", hash = "sha256:536f5f07d2f2d5c872dc6acc8e8a560254c2a5874eba45165dc5deb14a49cc19"},
    {file = "zeroconf-0.147.0-pp39-pypy39_pp73-win_amd64.whl", hash = "sha256:760d9b318e6ba311054348719f3e9ea33f678afbbf9e9585d7993638bba12220"},
    {file = "zeroconf-0.147.0.tar.gz", hash = "sha256:f517375de6bf2041df826130da41dc7a3e8772176d3076a5da58854c7d2e8d7a"},
]

[package.dependencies]
ifaddr = ">=0.1.7"

[metadata]
lock-version = "2.0"
python-versions = "^3.11"
content-hash = "395faa9a99b3fad8545620a6259dd107247852b444b725bb368af23ca8852797"
